<?xml version="1.0" encoding="utf-8"?>
<Project ToolsVersion="4.0" xmlns="http://schemas.microsoft.com/developer/msbuild/2003">
  <ItemGroup>
    <ClCompile Include="Entity.cpp" />
    <ClCompile Include="main.cpp" />
    <ClCompile Include="Player.cpp" />
    <ClCompile Include="Map.cpp" />
    <ClCompile Include="Interface.cpp" />
    <ClCompile Include="pWindow.cpp" />
    <ClCompile Include="Bullet.cpp" />
    <ClCompile Include="World.cpp" />
    <ClCompile Include="Scene.cpp" />
  </ItemGroup>
  <ItemGroup>
    <ClInclude Include="Config.h" />
    <ClInclude Include="Entity.h" />
    <ClInclude Include="Map.h" />
    <ClInclude Include="Player.h" />
    <ClInclude Include="Interface.h" />
    <ClInclude Include="pWindow.h" />
    <ClInclude Include="Bullet.h" />
    <ClInclude Include="World.h" />
    <ClInclude Include="Scene.h" />
  </ItemGroup>
</Project>