<?xml version="1.0" encoding="utf-8"?>
<Project ToolsVersion="4.0" xmlns="http://schemas.microsoft.com/developer/msbuild/2003">
  <ItemGroup>
    <ClCompile Include="main.cpp" />
    <ClCompile Include="Player.cpp" />
    <ClCompile Include="Map.cpp" />
    <ClCompile Include="Interface.cpp" />
    <ClCompile Include="pWindow.cpp" />
    <ClCompile Include="Bullet.cpp" />
    <ClCompile Include="World.cpp" />
    <ClCompile Include="Particle.cpp" />
    <ClCompile Include="Emitter.cpp" />
    <ClCompile Include="BulletController.cpp" />
    <ClCompile Include="FPS.cpp" />
    <ClCompile Include="Entity.cpp" />
    <ClCompile Include="Game1.cpp" />
  </ItemGroup>
  <ItemGroup>
    <ClInclude Include="Config.h" />
    <ClInclude Include="Map.h" />
    <ClInclude Include="Player.h" />
    <ClInclude Include="Interface.h" />
    <ClInclude Include="pWindow.h" />
    <ClInclude Include="Bullet.h" />
    <ClInclude Include="World.h" />
    <ClInclude Include="Particle.h" />
    <ClInclude Include="Emitter.h" />
    <ClInclude Include="BulletController.h" />
    <ClInclude Include="FPS.h" />
    <ClInclude Include="Entity.h" />
    <ClInclude Include="Game1.h" />
  </ItemGroup>
  <ItemGroup>
    <Filter Include="Particles">
      <UniqueIdentifier>{9198d811-5a0a-4fd7-81a1-974e25632a9e}</UniqueIdentifier>
    </Filter>
  </ItemGroup>
</Project>